// !$*UTF8*$!
{
	archiveVersion = 1;
	classes = {
	};
	objectVersion = 48;
	objects = {

/* Begin PBXBuildFile section */
		674653391F97364400B4AF00 /* AppDelegate.swift in Sources */ = {isa = PBXBuildFile; fileRef = 674653381F97364400B4AF00 /* AppDelegate.swift */; };
		6746533B1F97364400B4AF00 /* ViewController.swift in Sources */ = {isa = PBXBuildFile; fileRef = 6746533A1F97364400B4AF00 /* ViewController.swift */; };
		6746533E1F97364400B4AF00 /* Main.storyboard in Resources */ = {isa = PBXBuildFile; fileRef = 6746533C1F97364400B4AF00 /* Main.storyboard */; };
		674653401F97364400B4AF00 /* Assets.xcassets in Resources */ = {isa = PBXBuildFile; fileRef = 6746533F1F97364400B4AF00 /* Assets.xcassets */; };
		674653431F97364400B4AF00 /* LaunchScreen.storyboard in Resources */ = {isa = PBXBuildFile; fileRef = 674653411F97364400B4AF00 /* LaunchScreen.storyboard */; };
		6746534E1F97364400B4AF00 /* FoodTrackerTests.swift in Sources */ = {isa = PBXBuildFile; fileRef = 6746534D1F97364400B4AF00 /* FoodTrackerTests.swift */; };
		674653591F9763CA00B4AF00 /* RatingControl.swift in Sources */ = {isa = PBXBuildFile; fileRef = 674653581F9763CA00B4AF00 /* RatingControl.swift */; };
		6746535B1F977F1900B4AF00 /* Meal.swift in Sources */ = {isa = PBXBuildFile; fileRef = 6746535A1F977F1900B4AF00 /* Meal.swift */; };
/* End PBXBuildFile section */

/* Begin PBXContainerItemProxy section */
		6746534A1F97364400B4AF00 /* PBXContainerItemProxy */ = {
			isa = PBXContainerItemProxy;
			containerPortal = 6746532D1F97364400B4AF00 /* Project object */;
			proxyType = 1;
			remoteGlobalIDString = 674653341F97364400B4AF00;
			remoteInfo = FoodTracker;
		};
/* End PBXContainerItemProxy section */

/* Begin PBXFileReference section */
		674653351F97364400B4AF00 /* FoodTracker.app */ = {isa = PBXFileReference; explicitFileType = wrapper.application; includeInIndex = 0; path = FoodTracker.app; sourceTree = BUILT_PRODUCTS_DIR; };
		674653381F97364400B4AF00 /* AppDelegate.swift */ = {isa = PBXFileReference; lastKnownFileType = sourcecode.swift; path = AppDelegate.swift; sourceTree = "<group>"; };
		6746533A1F97364400B4AF00 /* ViewController.swift */ = {isa = PBXFileReference; lastKnownFileType = sourcecode.swift; path = ViewController.swift; sourceTree = "<group>"; };
		6746533D1F97364400B4AF00 /* Base */ = {isa = PBXFileReference; lastKnownFileType = file.storyboard; name = Base; path = Base.lproj/Main.storyboard; sourceTree = "<group>"; };
		6746533F1F97364400B4AF00 /* Assets.xcassets */ = {isa = PBXFileReference; lastKnownFileType = folder.assetcatalog; path = Assets.xcassets; sourceTree = "<group>"; };
		674653421F97364400B4AF00 /* Base */ = {isa = PBXFileReference; lastKnownFileType = file.storyboard; name = Base; path = Base.lproj/LaunchScreen.storyboard; sourceTree = "<group>"; };
		674653441F97364400B4AF00 /* Info.plist */ = {isa = PBXFileReference; lastKnownFileType = text.plist.xml; path = Info.plist; sourceTree = "<group>"; };
		674653491F97364400B4AF00 /* FoodTrackerTests.xctest */ = {isa = PBXFileReference; explicitFileType = wrapper.cfbundle; includeInIndex = 0; path = FoodTrackerTests.xctest; sourceTree = BUILT_PRODUCTS_DIR; };
		6746534D1F97364400B4AF00 /* FoodTrackerTests.swift */ = {isa = PBXFileReference; lastKnownFileType = sourcecode.swift; path = FoodTrackerTests.swift; sourceTree = "<group>"; };
		6746534F1F97364400B4AF00 /* Info.plist */ = {isa = PBXFileReference; lastKnownFileType = text.plist.xml; path = Info.plist; sourceTree = "<group>"; };
		674653581F9763CA00B4AF00 /* RatingControl.swift */ = {isa = PBXFileReference; lastKnownFileType = sourcecode.swift; path = RatingControl.swift; sourceTree = "<group>"; };
		6746535A1F977F1900B4AF00 /* Meal.swift */ = {isa = PBXFileReference; lastKnownFileType = sourcecode.swift; path = Meal.swift; sourceTree = "<group>"; };
/* End PBXFileReference section */

/* Begin PBXFrameworksBuildPhase section */
		674653321F97364400B4AF00 /* Frameworks */ = {
			isa = PBXFrameworksBuildPhase;
			buildActionMask = 2147483647;
			files = (
			);
			runOnlyForDeploymentPostprocessing = 0;
		};
		674653461F97364400B4AF00 /* Frameworks */ = {
			isa = PBXFrameworksBuildPhase;
			buildActionMask = 2147483647;
			files = (
			);
			runOnlyForDeploymentPostprocessing = 0;
		};
/* End PBXFrameworksBuildPhase section */

/* Begin PBXGroup section */
		6746532C1F97364400B4AF00 = {
			isa = PBXGroup;
			children = (
				674653371F97364400B4AF00 /* FoodTracker */,
				6746534C1F97364400B4AF00 /* FoodTrackerTests */,
				674653361F97364400B4AF00 /* Products */,
			);
			sourceTree = "<group>";
		};
		674653361F97364400B4AF00 /* Products */ = {
			isa = PBXGroup;
			children = (
				674653351F97364400B4AF00 /* FoodTracker.app */,
				674653491F97364400B4AF00 /* FoodTrackerTests.xctest */,
			);
			name = Products;
			sourceTree = "<group>";
		};
		674653371F97364400B4AF00 /* FoodTracker */ = {
			isa = PBXGroup;
			children = (
				674653381F97364400B4AF00 /* AppDelegate.swift */,
				6746533A1F97364400B4AF00 /* ViewController.swift */,
				6746535A1F977F1900B4AF00 /* Meal.swift */,
				674653581F9763CA00B4AF00 /* RatingControl.swift */,
				6746533C1F97364400B4AF00 /* Main.storyboard */,
				6746533F1F97364400B4AF00 /* Assets.xcassets */,
				674653411F97364400B4AF00 /* LaunchScreen.storyboard */,
				674653441F97364400B4AF00 /* Info.plist */,
			);
			path = FoodTracker;
			sourceTree = "<group>";
		};
		6746534C1F97364400B4AF00 /* FoodTrackerTests */ = {
			isa = PBXGroup;
			children = (
				6746534D1F97364400B4AF00 /* FoodTrackerTests.swift */,
				6746534F1F97364400B4AF00 /* Info.plist */,
			);
			path = FoodTrackerTests;
			sourceTree = "<group>";
		};
/* End PBXGroup section */

/* Begin PBXNativeTarget section */
		674653341F97364400B4AF00 /* FoodTracker */ = {
			isa = PBXNativeTarget;
			buildConfigurationList = 674653521F97364400B4AF00 /* Build configuration list for PBXNativeTarget "FoodTracker" */;
			buildPhases = (
				674653311F97364400B4AF00 /* Sources */,
				674653321F97364400B4AF00 /* Frameworks */,
				674653331F97364400B4AF00 /* Resources */,
			);
			buildRules = (
			);
			dependencies = (
			);
			name = FoodTracker;
			productName = FoodTracker;
			productReference = 674653351F97364400B4AF00 /* FoodTracker.app */;
			productType = "com.apple.product-type.application";
		};
		674653481F97364400B4AF00 /* FoodTrackerTests */ = {
			isa = PBXNativeTarget;
			buildConfigurationList = 674653551F97364400B4AF00 /* Build configuration list for PBXNativeTarget "FoodTrackerTests" */;
			buildPhases = (
				674653451F97364400B4AF00 /* Sources */,
				674653461F97364400B4AF00 /* Frameworks */,
				674653471F97364400B4AF00 /* Resources */,
			);
			buildRules = (
			);
			dependencies = (
				6746534B1F97364400B4AF00 /* PBXTargetDependency */,
			);
			name = FoodTrackerTests;
			productName = FoodTrackerTests;
			productReference = 674653491F97364400B4AF00 /* FoodTrackerTests.xctest */;
			productType = "com.apple.product-type.bundle.unit-test";
		};
/* End PBXNativeTarget section */

/* Begin PBXProject section */
		6746532D1F97364400B4AF00 /* Project object */ = {
			isa = PBXProject;
			attributes = {
				LastSwiftUpdateCheck = 0900;
				LastUpgradeCheck = 0900;
				ORGANIZATIONNAME = "Javad Mammadbeyli";
				TargetAttributes = {
					674653341F97364400B4AF00 = {
						CreatedOnToolsVersion = 9.0.1;
						ProvisioningStyle = Automatic;
					};
					674653481F97364400B4AF00 = {
						CreatedOnToolsVersion = 9.0.1;
						ProvisioningStyle = Automatic;
						TestTargetID = 674653341F97364400B4AF00;
					};
				};
			};
			buildConfigurationList = 674653301F97364400B4AF00 /* Build configuration list for PBXProject "FoodTracker" */;
			compatibilityVersion = "Xcode 8.0";
			developmentRegion = en;
			hasScannedForEncodings = 0;
			knownRegions = (
				en,
				Base,
			);
			mainGroup = 6746532C1F97364400B4AF00;
			productRefGroup = 674653361F97364400B4AF00 /* Products */;
			projectDirPath = "";
			projectRoot = "";
			targets = (
				674653341F97364400B4AF00 /* FoodTracker */,
				674653481F97364400B4AF00 /* FoodTrackerTests */,
			);
		};
/* End PBXProject section */

/* Begin PBXResourcesBuildPhase section */
		674653331F97364400B4AF00 /* Resources */ = {
			isa = PBXResourcesBuildPhase;
			buildActionMask = 2147483647;
			files = (
				674653431F97364400B4AF00 /* LaunchScreen.storyboard in Resources */,
				674653401F97364400B4AF00 /* Assets.xcassets in Resources */,
				6746533E1F97364400B4AF00 /* Main.storyboard in Resources */,
			);
			runOnlyForDeploymentPostprocessing = 0;
		};
		674653471F97364400B4AF00 /* Resources */ = {
			isa = PBXResourcesBuildPhase;
			buildActionMask = 2147483647;
			files = (
			);
			runOnlyForDeploymentPostprocessing = 0;
		};
/* End PBXResourcesBuildPhase section */

/* Begin PBXSourcesBuildPhase section */
		674653311F97364400B4AF00 /* Sources */ = {
			isa = PBXSourcesBuildPhase;
			buildActionMask = 2147483647;
			files = (
				6746535B1F977F1900B4AF00 /* Meal.swift in Sources */,
				6746533B1F97364400B4AF00 /* ViewController.swift in Sources */,
				674653591F9763CA00B4AF00 /* RatingControl.swift in Sources */,
				674653391F97364400B4AF00 /* AppDelegate.swift in Sources */,
			);
			runOnlyForDeploymentPostprocessing = 0;
		};
		674653451F97364400B4AF00 /* Sources */ = {
			isa = PBXSourcesBuildPhase;
			buildActionMask = 2147483647;
			files = (
				6746534E1F97364400B4AF00 /* FoodTrackerTests.swift in Sources */,
			);
			runOnlyForDeploymentPostprocessing = 0;
		};
/* End PBXSourcesBuildPhase section */

/* Begin PBXTargetDependency section */
		6746534B1F97364400B4AF00 /* PBXTargetDependency */ = {
			isa = PBXTargetDependency;
			target = 674653341F97364400B4AF00 /* FoodTracker */;
			targetProxy = 6746534A1F97364400B4AF00 /* PBXContainerItemProxy */;
		};
/* End PBXTargetDependency section */

/* Begin PBXVariantGroup section */
		6746533C1F97364400B4AF00 /* Main.storyboard */ = {
			isa = PBXVariantGroup;
			children = (
				6746533D1F97364400B4AF00 /* Base */,
			);
			name = Main.storyboard;
			sourceTree = "<group>";
		};
		674653411F97364400B4AF00 /* LaunchScreen.storyboard */ = {
			isa = PBXVariantGroup;
			children = (
				674653421F97364400B4AF00 /* Base */,
			);
			name = LaunchScreen.storyboard;
			sourceTree = "<group>";
		};
/* End PBXVariantGroup section */

/* Begin XCBuildConfiguration section */
		674653501F97364400B4AF00 /* Debug */ = {
			isa = XCBuildConfiguration;
			buildSettings = {
				ALWAYS_SEARCH_USER_PATHS = NO;
				CLANG_ANALYZER_NONNULL = YES;
				CLANG_ANALYZER_NUMBER_OBJECT_CONVERSION = YES_AGGRESSIVE;
				CLANG_CXX_LANGUAGE_STANDARD = "gnu++14";
				CLANG_CXX_LIBRARY = "libc++";
				CLANG_ENABLE_MODULES = YES;
				CLANG_ENABLE_OBJC_ARC = YES;
				CLANG_WARN_BLOCK_CAPTURE_AUTORELEASING = YES;
				CLANG_WARN_BOOL_CONVERSION = YES;
				CLANG_WARN_COMMA = YES;
				CLANG_WARN_CONSTANT_CONVERSION = YES;
				CLANG_WARN_DIRECT_OBJC_ISA_USAGE = YES_ERROR;
				CLANG_WARN_DOCUMENTATION_COMMENTS = YES;
				CLANG_WARN_EMPTY_BODY = YES;
				CLANG_WARN_ENUM_CONVERSION = YES;
				CLANG_WARN_INFINITE_RECURSION = YES;
				CLANG_WARN_INT_CONVERSION = YES;
				CLANG_WARN_NON_LITERAL_NULL_CONVERSION = YES;
				CLANG_WARN_OBJC_LITERAL_CONVERSION = YES;
				CLANG_WARN_OBJC_ROOT_CLASS = YES_ERROR;
				CLANG_WARN_RANGE_LOOP_ANALYSIS = YES;
				CLANG_WARN_STRICT_PROTOTYPES = YES;
				CLANG_WARN_SUSPICIOUS_MOVE = YES;
				CLANG_WARN_UNGUARDED_AVAILABILITY = YES_AGGRESSIVE;
				CLANG_WARN_UNREACHABLE_CODE = YES;
				CLANG_WARN__DUPLICATE_METHOD_MATCH = YES;
				CODE_SIGN_IDENTITY = "iPhone Developer";
				COPY_PHASE_STRIP = NO;
				DEBUG_INFORMATION_FORMAT = dwarf;
				ENABLE_STRICT_OBJC_MSGSEND = YES;
				ENABLE_TESTABILITY = YES;
				GCC_C_LANGUAGE_STANDARD = gnu11;
				GCC_DYNAMIC_NO_PIC = NO;
				GCC_NO_COMMON_BLOCKS = YES;
				GCC_OPTIMIZATION_LEVEL = 0;
				GCC_PREPROCESSOR_DEFINITIONS = (
					"DEBUG=1",
					"$(inherited)",
				);
				GCC_WARN_64_TO_32_BIT_CONVERSION = YES;
				GCC_WARN_ABOUT_RETURN_TYPE = YES_ERROR;
				GCC_WARN_UNDECLARED_SELECTOR = YES;
				GCC_WARN_UNINITIALIZED_AUTOS = YES_AGGRESSIVE;
				GCC_WARN_UNUSED_FUNCTION = YES;
				GCC_WARN_UNUSED_VARIABLE = YES;
				IPHONEOS_DEPLOYMENT_TARGET = 11.0;
				MTL_ENABLE_DEBUG_INFO = YES;
				ONLY_ACTIVE_ARCH = YES;
				SDKROOT = iphoneos;
				SWIFT_ACTIVE_COMPILATION_CONDITIONS = DEBUG;
				SWIFT_OPTIMIZATION_LEVEL = "-Onone";
			};
			name = Debug;
		};
		674653511F97364400B4AF00 /* Release */ = {
			isa = XCBuildConfiguration;
			buildSettings = {
				ALWAYS_SEARCH_USER_PATHS = NO;
				CLANG_ANALYZER_NONNULL = YES;
				CLANG_ANALYZER_NUMBER_OBJECT_CONVERSION = YES_AGGRESSIVE;
				CLANG_CXX_LANGUAGE_STANDARD = "gnu++14";
				CLANG_CXX_LIBRARY = "libc++";
				CLANG_ENABLE_MODULES = YES;
				CLANG_ENABLE_OBJC_ARC = YES;
				CLANG_WARN_BLOCK_CAPTURE_AUTORELEASING = YES;
				CLANG_WARN_BOOL_CONVERSION = YES;
				CLANG_WARN_COMMA = YES;
				CLANG_WARN_CONSTANT_CONVERSION = YES;
				CLANG_WARN_DIRECT_OBJC_ISA_USAGE = YES_ERROR;
				CLANG_WARN_DOCUMENTATION_COMMENTS = YES;
				CLANG_WARN_EMPTY_BODY = YES;
				CLANG_WARN_ENUM_CONVERSION = YES;
				CLANG_WARN_INFINITE_RECURSION = YES;
				CLANG_WARN_INT_CONVERSION = YES;
				CLANG_WARN_NON_LITERAL_NULL_CONVERSION = YES;
				CLANG_WARN_OBJC_LITERAL_CONVERSION = YES;
				CLANG_WARN_OBJC_ROOT_CLASS = YES_ERROR;
				CLANG_WARN_RANGE_LOOP_ANALYSIS = YES;
				CLANG_WARN_STRICT_PROTOTYPES = YES;
				CLANG_WARN_SUSPICIOUS_MOVE = YES;
				CLANG_WARN_UNGUARDED_AVAILABILITY = YES_AGGRESSIVE;
				CLANG_WARN_UNREACHABLE_CODE = YES;
				CLANG_WARN__DUPLICATE_METHOD_MATCH = YES;
				CODE_SIGN_IDENTITY = "iPhone Developer";
				COPY_PHASE_STRIP = NO;
				DEBUG_INFORMATION_FORMAT = "dwarf-with-dsym";
				ENABLE_NS_ASSERTIONS = NO;
				ENABLE_STRICT_OBJC_MSGSEND = YES;
				GCC_C_LANGUAGE_STANDARD = gnu11;
				GCC_NO_COMMON_BLOCKS = YES;
				GCC_WARN_64_TO_32_BIT_CONVERSION = YES;
				GCC_WARN_ABOUT_RETURN_TYPE = YES_ERROR;
				GCC_WARN_UNDECLARED_SELECTOR = YES;
				GCC_WARN_UNINITIALIZED_AUTOS = YES_AGGRESSIVE;
				GCC_WARN_UNUSED_FUNCTION = YES;
				GCC_WARN_UNUSED_VARIABLE = YES;
				IPHONEOS_DEPLOYMENT_TARGET = 11.0;
				MTL_ENABLE_DEBUG_INFO = NO;
				SDKROOT = iphoneos;
				SWIFT_OPTIMIZATION_LEVEL = "-Owholemodule";
				VALIDATE_PRODUCT = YES;
			};
			name = Release;
		};
		674653531F97364400B4AF00 /* Debug */ = {
			isa = XCBuildConfiguration;
			buildSettings = {
				ASSETCATALOG_COMPILER_APPICON_NAME = AppIcon;
				CODE_SIGN_STYLE = Automatic;
				DEVELOPMENT_TEAM = FG5JVMSJN8;
				INFOPLIST_FILE = FoodTracker/Info.plist;
				IPHONEOS_DEPLOYMENT_TARGET = 9.2;
				LD_RUNPATH_SEARCH_PATHS = "$(inherited) @executable_path/Frameworks";
				PRODUCT_BUNDLE_IDENTIFIER = az.bankrespublika.FoodTracker;
				PRODUCT_NAME = "$(TARGET_NAME)";
				SWIFT_VERSION = 4.0;
				TARGETED_DEVICE_FAMILY = "1,2";
			};
			name = Debug;
		};
		674653541F97364400B4AF00 /* Release */ = {
			isa = XCBuildConfiguration;
			buildSettings = {
				ASSETCATALOG_COMPILER_APPICON_NAME = AppIcon;
				CODE_SIGN_STYLE = Automatic;
				DEVELOPMENT_TEAM = FG5JVMSJN8;
				INFOPLIST_FILE = FoodTracker/Info.plist;
				IPHONEOS_DEPLOYMENT_TARGET = 9.2;
				LD_RUNPATH_SEARCH_PATHS = "$(inherited) @executable_path/Frameworks";
				PRODUCT_BUNDLE_IDENTIFIER = az.bankrespublika.FoodTracker;
				PRODUCT_NAME = "$(TARGET_NAME)";
				SWIFT_VERSION = 4.0;
				TARGETED_DEVICE_FAMILY = "1,2";
			};
			name = Release;
		};
		674653561F97364400B4AF00 /* Debug */ = {
			isa = XCBuildConfiguration;
			buildSettings = {
				ALWAYS_EMBED_SWIFT_STANDARD_LIBRARIES = YES;
				BUNDLE_LOADER = "$(TEST_HOST)";
				CODE_SIGN_STYLE = Automatic;
				DEVELOPMENT_TEAM = FG5JVMSJN8;
				INFOPLIST_FILE = FoodTrackerTests/Info.plist;
				LD_RUNPATH_SEARCH_PATHS = "$(inherited) @executable_path/Frameworks @loader_path/Frameworks";
				PRODUCT_BUNDLE_IDENTIFIER = az.bankrespublika.FoodTrackerTests;
				PRODUCT_NAME = "$(TARGET_NAME)";
				SWIFT_VERSION = 4.0;
				TARGETED_DEVICE_FAMILY = "1,2";
				TEST_HOST = "$(BUILT_PRODUCTS_DIR)/FoodTracker.app/FoodTracker";
			};
			name = Debug;
		};
		674653571F97364400B4AF00 /* Release */ = {
			isa = XCBuildConfiguration;
			buildSettings = {
				ALWAYS_EMBED_SWIFT_STANDARD_LIBRARIES = YES;
				BUNDLE_LOADER = "$(TEST_HOST)";
				CODE_SIGN_STYLE = Automatic;
				DEVELOPMENT_TEAM = FG5JVMSJN8;
				INFOPLIST_FILE = FoodTrackerTests/Info.plist;
				LD_RUNPATH_SEARCH_PATHS = "$(inherited) @executable_path/Frameworks @loader_path/Frameworks";
				PRODUCT_BUNDLE_IDENTIFIER = az.bankrespublika.FoodTrackerTests;
				PRODUCT_NAME = "$(TARGET_NAME)";
				SWIFT_VERSION = 4.0;
				TARGETED_DEVICE_FAMILY = "1,2";
				TEST_HOST = "$(BUILT_PRODUCTS_DIR)/FoodTracker.app/FoodTracker";
			};
			name = Release;
		};
/* End XCBuildConfiguration section */

/* Begin XCConfigurationList section */
		674653301F97364400B4AF00 /* Build configuration list for PBXProject "FoodTracker" */ = {
			isa = XCConfigurationList;
			buildConfigurations = (
				674653501F97364400B4AF00 /* Debug */,
				674653511F97364400B4AF00 /* Release */,
			);
			defaultConfigurationIsVisible = 0;
			defaultConfigurationName = Release;
		};
		674653521F97364400B4AF00 /* Build configuration list for PBXNativeTarget "FoodTracker" */ = {
			isa = XCConfigurationList;
			buildConfigurations = (
				674653531F97364400B4AF00 /* Debug */,
				674653541F97364400B4AF00 /* Release */,
			);
			defaultConfigurationIsVisible = 0;
			defaultConfigurationName = Release;
		};
		674653551F97364400B4AF00 /* Build configuration list for PBXNativeTarget "FoodTrackerTests" */ = {
			isa = XCConfigurationList;
			buildConfigurations = (
				674653561F97364400B4AF00 /* Debug */,
				674653571F97364400B4AF00 /* Release */,
			);
			defaultConfigurationIsVisible = 0;
			defaultConfigurationName = Release;
		};
/* End XCConfigurationList section */
	};
	rootObject = 6746532D1F97364400B4AF00 /* Project object */;
}
